{
  "originHash" : "5f96a01459021c1e19e0abd6b6fc2499217b9d2687ee5afc2812fd4d93b73339",
  "pins" : [
    {
      "identity" : "goldenimage",
      "kind" : "remoteSourceControl",
      "location" : "https://github.com/schwa/GoldenImage.git",
      "state" : {
        "revision" : "6f134ad54fa8877c8245775078986038ea38ac42",
        "version" : "0.1.2"
      }
    },
    {
      "identity" : "swift-argument-parser",
      "kind" : "remoteSourceControl",
      "location" : "https://github.com/apple/swift-argument-parser.git",
      "state" : {
        "revision" : "c5d11a805e765f52ba34ec7284bd4fcd6ba68615",
        "version" : "1.7.0"
      }
    }
  ],
  "version" : 3
}
